
Microsoft Visual Studio Solution File, Format Version 12.00
# Visual Studio Version 17
VisualStudioVersion = 17.10.34607.79
MinimumVisualStudioVersion = 10.0.40219.1
Project("{FAE04EC0-301F-11D3-BF4B-00C04F79EFBC}") = "Reserva", "Reserva\Reserva.csproj", "{0BB04E2C-7F6F-4258-B7A8-ACD7008F90DA}"
EndProject
Global
	GlobalSection(SolutionConfigurationPlatforms) = preSolution
		Debug|Any CPU = Debug|Any CPU
		Release|Any CPU = Release|Any CPU
	EndGlobalSection
	GlobalSection(ProjectConfigurationPlatforms) = postSolution
		{0BB04E2C-7F6F-4258-B7A8-ACD7008F90DA}.Debug|Any CPU.ActiveCfg = Debug|Any CPU
		{0BB04E2C-7F6F-4258-B7A8-ACD7008F90DA}.Debug|Any CPU.Build.0 = Debug|Any CPU
		{0BB04E2C-7F6F-4258-B7A8-ACD7008F90DA}.Release|Any CPU.ActiveCfg = Release|Any CPU
		{0BB04E2C-7F6F-4258-B7A8-ACD7008F90DA}.Release|Any CPU.Build.0 = Release|Any CPU
	EndGlobalSection
	GlobalSection(SolutionProperties) = preSolution
		HideSolutionNode = FALSE
	EndGlobalSection
	GlobalSection(ExtensibilityGlobals) = postSolution
		SolutionGuid = {66F43A8F-5021-4759-9B97-8982F7ADB9C4}
	EndGlobalSection
EndGlobal
